<?xml version="1.0" encoding="utf-8"?>
<Project ToolsVersion="4.0" xmlns="http://schemas.microsoft.com/developer/msbuild/2003">
  <ItemGroup>
    <Filter Include="Resource Files">
      <UniqueIdentifier>{67DA6AB6-F800-4c08-8B7A-83BB121AAD01}</UniqueIdentifier>
      <Extensions>rc;ico;cur;bmp;dlg;rc2;rct;bin;rgs;gif;jpg;jpeg;jpe;resx;tiff;tif;png;wav;mfcribbon-ms</Extensions>
    </Filter>
    <Filter Include="Game">
      <UniqueIdentifier>{241c2336-0170-4f75-a3c7-e7f44ccd6a95}</UniqueIdentifier>
    </Filter>
    <Filter Include="Server">
      <UniqueIdentifier>{58211484-8854-4b50-ba05-04fd90671aaf}</UniqueIdentifier>
    </Filter>
    <Filter Include="Thread">
      <UniqueIdentifier>{9566b9c8-eaf2-48e1-a6de-e7d61fbee5b8}</UniqueIdentifier>
    </Filter>
    <Filter Include="Crypt">
      <UniqueIdentifier>{afafd326-9925-431a-a409-133cf899a700}</UniqueIdentifier>
    </Filter>
    <Filter Include="Server\Protocols">
      <UniqueIdentifier>{832b6e7f-99b8-4895-b125-38478ba9160a}</UniqueIdentifier>
    </Filter>
    <Filter Include="Lua">
      <UniqueIdentifier>{c1d9d4da-96a4-4431-aef6-bcf3753e717e}</UniqueIdentifier>
    </Filter>
    <Filter Include="Config">
      <UniqueIdentifier>{a4c0ea16-cca0-4093-9175-5fd80fe6e027}</UniqueIdentifier>
    </Filter>
    <Filter Include="Database">
      <UniqueIdentifier>{4da37ea9-b8b4-4251-9ff2-ad1e7539d8eb}</UniqueIdentifier>
    </Filter>
    <Filter Include="Database\IO">
      <UniqueIdentifier>{38c1ec5a-9943-4452-a21f-b0e42ded6377}</UniqueIdentifier>
    </Filter>
  </ItemGroup>
  <ItemGroup>
    <ClCompile Include="source\main.cpp" />
    <ClCompile Include="source\signals.cpp" />
    <ClCompile Include="source\game.cpp">
      <Filter>Game</Filter>
    </ClCompile>
    <ClCompile Include="source\server.cpp">
      <Filter>Server</Filter>
    </ClCompile>
    <ClCompile Include="source\outputmessage.cpp">
      <Filter>Server</Filter>
    </ClCompile>
    <ClCompile Include="source\networkmessage.cpp">
      <Filter>Server</Filter>
    </ClCompile>
    <ClCompile Include="source\connection.cpp">
      <Filter>Server</Filter>
    </ClCompile>
    <ClCompile Include="source\scheduler.cpp">
      <Filter>Thread</Filter>
    </ClCompile>
    <ClCompile Include="source\tasks.cpp">
      <Filter>Thread</Filter>
    </ClCompile>
    <ClCompile Include="source\tools.cpp">
      <Filter>Resource Files</Filter>
    </ClCompile>
    <ClCompile Include="source\xtea.cpp">
      <Filter>Crypt</Filter>
    </ClCompile>
    <ClCompile Include="source\rsa.cpp">
      <Filter>Crypt</Filter>
    </ClCompile>
    <ClCompile Include="source\protocol.cpp">
      <Filter>Server\Protocols</Filter>
    </ClCompile>
    <ClCompile Include="source\luaobject.cpp">
      <Filter>Lua</Filter>
    </ClCompile>
    <ClCompile Include="source\configjson.cpp">
      <Filter>Config</Filter>
    </ClCompile>
    <ClCompile Include="source\database.cpp">
      <Filter>Database</Filter>
    </ClCompile>
    <ClCompile Include="source\databasemanager.cpp">
      <Filter>Database</Filter>
    </ClCompile>
    <ClCompile Include="source\databasetasks.cpp">
      <Filter>Thread</Filter>
    </ClCompile>
    <ClCompile Include="source\iologindata.cpp">
      <Filter>Database\IO</Filter>
    </ClCompile>
    <ClCompile Include="source\protocollogin.cpp">
      <Filter>Server\Protocols</Filter>
    </ClCompile>
  </ItemGroup>
  <ItemGroup>
    <ClInclude Include="source\signals.h" />
    <ClInclude Include="source\includes.h">
      <Filter>Resource Files</Filter>
    </ClInclude>
    <ClInclude Include="source\game.h">
      <Filter>Game</Filter>
    </ClInclude>
    <ClInclude Include="source\enums.h">
      <Filter>Resource Files</Filter>
    </ClInclude>
    <ClInclude Include="source\const.h">
      <Filter>Resource Files</Filter>
    </ClInclude>
    <ClInclude Include="source\lockfree.h">
      <Filter>Resource Files</Filter>
    </ClInclude>
    <ClInclude Include="source\server.h">
      <Filter>Server</Filter>
    </ClInclude>
    <ClInclude Include="source\outputmessage.h">
      <Filter>Server</Filter>
    </ClInclude>
    <ClInclude Include="source\networkmessage.h">
      <Filter>Server</Filter>
    </ClInclude>
    <ClInclude Include="source\connection.h">
      <Filter>Server</Filter>
    </ClInclude>
    <ClInclude Include="source\scheduler.h">
      <Filter>Thread</Filter>
    </ClInclude>
    <ClInclude Include="source\tasks.h">
      <Filter>Thread</Filter>
    </ClInclude>
    <ClInclude Include="source\thread_holder_base.h">
      <Filter>Thread</Filter>
    </ClInclude>
    <ClInclude Include="source\tools.h">
      <Filter>Resource Files</Filter>
    </ClInclude>
    <ClInclude Include="source\xtea.h">
      <Filter>Crypt</Filter>
    </ClInclude>
    <ClInclude Include="source\rsa.h">
      <Filter>Crypt</Filter>
    </ClInclude>
    <ClInclude Include="source\protocol.h">
      <Filter>Server\Protocols</Filter>
    </ClInclude>
    <ClInclude Include="source\luaobject.h">
      <Filter>Lua</Filter>
    </ClInclude>
    <ClInclude Include="source\configjson.h">
      <Filter>Config</Filter>
    </ClInclude>
    <ClInclude Include="source\database.h">
      <Filter>Database</Filter>
    </ClInclude>
    <ClInclude Include="source\databasemanager.h">
      <Filter>Database</Filter>
    </ClInclude>
    <ClInclude Include="source\databasetasks.h">
      <Filter>Thread</Filter>
    </ClInclude>
    <ClInclude Include="source\iologindata.h">
      <Filter>Database\IO</Filter>
    </ClInclude>
    <ClInclude Include="source\protocollogin.h">
      <Filter>Server\Protocols</Filter>
    </ClInclude>
  </ItemGroup>
</Project>